{
  "name": "ts-clients-service",
  "version": "1.0.0",
  "lockfileVersion": 1,
  "requires": true,
  "dependencies": {
    "bluebird": {
      "version": "3.7.2",
      "resolved": "https://registry.npmjs.org/bluebird/-/bluebird-3.7.2.tgz",
      "integrity": "sha512-XpNj6GDQzdfW+r2Wnn7xiSAd7TM3jzkxGXBGTtWKuSXv1xUV+azxAm8jdWZN06QTQk+2N2XB9jRDkvbmQmcRtg=="
    },
    "telnet-client": {
      "version": "1.2.4",
      "resolved": "https://registry.npmjs.org/telnet-client/-/telnet-client-1.2.4.tgz",
      "integrity": "sha512-DoTzatm35R42Q6ckADBtlpaCPLdlKrFGnrg41cc3WPnheadrvUZ+l87PszJrJELM2vq4oAqNMJbNifM2ES6fKA==",
      "requires": {
        "bluebird": "^3.5.4"
      }
    }
  }
}
